{
  "nodes": {
    "nixpkgs": {
      "locked": {
        "lastModified": 1673226411,
        "narHash": "sha256-b6cGb5Ln7Zy80YO66+cbTyGdjZKtkoqB/iIIhDX9gRA=",
        "owner": "NixOs",
        "repo": "nixpkgs",
        "rev": "aa1d74709f5dac623adb4d48fdfb27cc2c92a4d4",
        "type": "github"
      },
      "original": {
        "owner": "NixOs",
        "ref": "nixos-unstable",
        "repo": "nixpkgs",
        "type": "github"
      }
    },
    "root": {
      "inputs": {
        "nixpkgs": "nixpkgs"
      }
    }
  },
  "root": "root",
  "version": 7
}
