{
  "nodes": {
    "nixpkgs": {
      "locked": {
        "lastModified": 1659981942,
        "narHash": "sha256-uCFiP/B/NXOWzhN6TKfMbSxtVMk1bVnCrnJRjCF6RmU=",
        "owner": "NixOs",
        "repo": "nixpkgs",
        "rev": "39d7f929fbcb1446ad7aa7441b04fb30625a4190",
        "type": "github"
      },
      "original": {
        "owner": "NixOs",
        "ref": "nixos-unstable",
        "repo": "nixpkgs",
        "type": "github"
      }
    },
    "root": {
      "inputs": {
        "nixpkgs": "nixpkgs"
      }
    }
  },
  "root": "root",
  "version": 7
}
